github.com/MihaiValentin/lunr-languages v0.0.0-20250309185944-190ad03ed756 h1:DknA9ZOx7KoZ/07g2Ismhg+r1JsBAjc4ZAGb3p8VDdQ=
github.com/MihaiValentin/lunr-languages v0.0.0-20250309185944-190ad03ed756/go.mod h1:9u5XeCq3kYXZEJvSRP8Pz2qBAsNsmIM9ssN2fE1MnPw=
github.com/olivernn/lunr.js v2.3.9+incompatible h1:eH8iBnjlR4mwlYDdNuqy9PCNLjp2bEs6aoNnTSaccx0=
github.com/olivernn/lunr.js v2.3.9+incompatible/go.mod h1:yEkQ1DUSMtNsn8n2CqvQXZd0ErWPEG8g9QRmblR+KS8=
github.com/salastro/ed v0.0.0-20250615045932-c02dbd996e06 h1:RRYhFnRJYgXqK4Ze9/vU9tfg/3ZPVKjUtpZYo1DCeEY=
github.com/salastro/ed v0.0.0-20250615045932-c02dbd996e06/go.mod h1:hnZ0m5EgQboxJwlqmioQC/y8mDLFjwGBxCSb+bwcrmc=
github.com/salastro/ed v0.0.0-20250617201409-1309e2de41ad h1:hmGKJWCRthiOpoCXslyy20L71ygpIMNWbKEVa2OTBZQ=
github.com/salastro/ed v0.0.0-20250617201409-1309e2de41ad/go.mod h1:hnZ0m5EgQboxJwlqmioQC/y8mDLFjwGBxCSb+bwcrmc=
github.com/salastro/ed v0.0.0-20250621005227-e6d7d4586b86 h1:heATNN9twDCCugVBzIY9A9JFLnYRUwkHTICFiYvisJg=
github.com/salastro/ed v0.0.0-20250621005227-e6d7d4586b86/go.mod h1:hnZ0m5EgQboxJwlqmioQC/y8mDLFjwGBxCSb+bwcrmc=
